<?xml version="1.0" encoding="utf-8"?>
<Project ToolsVersion="4.0" xmlns="http://schemas.microsoft.com/developer/msbuild/2003">
  <ItemGroup>
    <Filter Include="Source Files">
      <UniqueIdentifier>{4FC737F1-C7A5-4376-A066-2A32D752A2FF}</UniqueIdentifier>
      <Extensions>cpp;c;cc;cxx;def;odl;idl;hpj;bat;asm;asmx</Extensions>
    </Filter>
    <Filter Include="Source Files\FW1FontWrapper">
      <UniqueIdentifier>{89caf6ec-837e-4e92-8138-782e631698c8}</UniqueIdentifier>
    </Filter>
    <Filter Include="Source Files\MinHook">
      <UniqueIdentifier>{38849879-80ec-4e8f-8a27-081d0b652f2a}</UniqueIdentifier>
    </Filter>
    <Filter Include="Source Files\MinHook\hde">
      <UniqueIdentifier>{3b2eed98-fe08-4970-97ab-658da172a174}</UniqueIdentifier>
    </Filter>
    <Filter Include="Source Files\Nuklear">
      <UniqueIdentifier>{4427f2e1-84cb-461f-9a3f-ba4ec067d78f}</UniqueIdentifier>
    </Filter>
    <Filter Include="Resource Files">
      <UniqueIdentifier>{67DA6AB6-F800-4c08-8B7A-83BB121AAD01}</UniqueIdentifier>
      <Extensions>rc;ico;cur;bmp;dlg;rc2;rct;bin;rgs;gif;jpg;jpeg;jpe;resx;tiff;tif;png;wav;mfcribbon-ms</Extensions>
    </Filter>
    <Filter Include="Source Files\Engine">
      <UniqueIdentifier>{87d8e07d-5869-4f55-a757-a8ee27536e8a}</UniqueIdentifier>
    </Filter>
    <Filter Include="Header Files">
      <UniqueIdentifier>{93995380-89BD-4b04-88EB-625FBE52EBFB}</UniqueIdentifier>
      <Extensions>h;hh;hpp;hxx;hm;inl;inc;xsd</Extensions>
    </Filter>
    <Filter Include="Header Files\FW1FontWrapper">
      <UniqueIdentifier>{54e72a2c-3003-48d6-9560-a0482ee8124d}</UniqueIdentifier>
    </Filter>
    <Filter Include="Header Files\MinHook">
      <UniqueIdentifier>{2bc33d46-0198-407d-95c7-1122ac298f5a}</UniqueIdentifier>
    </Filter>
    <Filter Include="Header Files\MinHook\hde">
      <UniqueIdentifier>{ae9afbcd-6847-43d7-953b-d12785cf3b6a}</UniqueIdentifier>
    </Filter>
    <Filter Include="Header Files\Nuklear">
      <UniqueIdentifier>{14952238-20cc-4d0e-86fb-194ce89db09f}</UniqueIdentifier>
    </Filter>
    <Filter Include="Header Files\Engine">
      <UniqueIdentifier>{14962efb-5854-49a8-b7d1-8d1d4631df88}</UniqueIdentifier>
    </Filter>
    <Filter Include="Header Files\Renderer">
      <UniqueIdentifier>{66c44027-2bf0-4267-ad2e-d02ef9572259}</UniqueIdentifier>
    </Filter>
    <Filter Include="Source Files\Renderer">
      <UniqueIdentifier>{6f16f464-2afc-4ae1-b747-d2bc4087820a}</UniqueIdentifier>
    </Filter>
  </ItemGroup>
  <ItemGroup>
    <ClInclude Include="stdafx.h">
      <Filter>Header Files</Filter>
    </ClInclude>
    <ClInclude Include="targetver.h">
      <Filter>Header Files</Filter>
    </ClInclude>
    <ClInclude Include="d3d11hook.h">
      <Filter>Header Files</Filter>
    </ClInclude>
    <ClInclude Include="FW1FontWrapper\CFW1TextGeometry.h">
      <Filter>Header Files\FW1FontWrapper</Filter>
    </ClInclude>
    <ClInclude Include="FW1FontWrapper\CFW1TextRenderer.h">
      <Filter>Header Files\FW1FontWrapper</Filter>
    </ClInclude>
    <ClInclude Include="FW1FontWrapper\FW1CompileSettings.h">
      <Filter>Header Files\FW1FontWrapper</Filter>
    </ClInclude>
    <ClInclude Include="FW1FontWrapper\FW1FontWrapper.h">
      <Filter>Header Files\FW1FontWrapper</Filter>
    </ClInclude>
    <ClInclude Include="FW1FontWrapper\FW1Precompiled.h">
      <Filter>Header Files\FW1FontWrapper</Filter>
    </ClInclude>
    <ClInclude Include="FW1FontWrapper\CFW1ColorRGBA.h">
      <Filter>Header Files\FW1FontWrapper</Filter>
    </ClInclude>
    <ClInclude Include="FW1FontWrapper\CFW1DWriteRenderTarget.h">
      <Filter>Header Files\FW1FontWrapper</Filter>
    </ClInclude>
    <ClInclude Include="FW1FontWrapper\CFW1Factory.h">
      <Filter>Header Files\FW1FontWrapper</Filter>
    </ClInclude>
    <ClInclude Include="FW1FontWrapper\CFW1FontWrapper.h">
      <Filter>Header Files\FW1FontWrapper</Filter>
    </ClInclude>
    <ClInclude Include="FW1FontWrapper\CFW1GlyphAtlas.h">
      <Filter>Header Files\FW1FontWrapper</Filter>
    </ClInclude>
    <ClInclude Include="FW1FontWrapper\CFW1GlyphProvider.h">
      <Filter>Header Files\FW1FontWrapper</Filter>
    </ClInclude>
    <ClInclude Include="FW1FontWrapper\CFW1GlyphRenderStates.h">
      <Filter>Header Files\FW1FontWrapper</Filter>
    </ClInclude>
    <ClInclude Include="FW1FontWrapper\CFW1GlyphSheet.h">
      <Filter>Header Files\FW1FontWrapper</Filter>
    </ClInclude>
    <ClInclude Include="FW1FontWrapper\CFW1GlyphVertexDrawer.h">
      <Filter>Header Files\FW1FontWrapper</Filter>
    </ClInclude>
    <ClInclude Include="FW1FontWrapper\CFW1Object.h">
      <Filter>Header Files\FW1FontWrapper</Filter>
    </ClInclude>
    <ClInclude Include="FW1FontWrapper\CFW1StateSaver.h">
      <Filter>Header Files\FW1FontWrapper</Filter>
    </ClInclude>
    <ClInclude Include="MinHook\include\MinHook.h">
      <Filter>Header Files\MinHook</Filter>
    </ClInclude>
    <ClInclude Include="MinHook\src\trampoline.h">
      <Filter>Header Files\MinHook</Filter>
    </ClInclude>
    <ClInclude Include="MinHook\src\buffer.h">
      <Filter>Header Files\MinHook</Filter>
    </ClInclude>
    <ClInclude Include="MinHook\src\hde\pstdint.h">
      <Filter>Header Files\MinHook\hde</Filter>
    </ClInclude>
    <ClInclude Include="MinHook\src\hde\table32.h">
      <Filter>Header Files\MinHook\hde</Filter>
    </ClInclude>
    <ClInclude Include="MinHook\src\hde\table64.h">
      <Filter>Header Files\MinHook\hde</Filter>
    </ClInclude>
    <ClInclude Include="MinHook\src\hde\hde32.h">
      <Filter>Header Files\MinHook\hde</Filter>
    </ClInclude>
    <ClInclude Include="MinHook\src\hde\hde64.h">
      <Filter>Header Files\MinHook\hde</Filter>
    </ClInclude>
    <ClInclude Include="Nuklear\nuklear_d3d11_pixel_shader.h">
      <Filter>Header Files\Nuklear</Filter>
    </ClInclude>
    <ClInclude Include="Nuklear\nuklear_d3d11_vertex_shader.h">
      <Filter>Header Files\Nuklear</Filter>
    </ClInclude>
    <ClInclude Include="Nuklear\nuklear.h">
      <Filter>Header Files\Nuklear</Filter>
    </ClInclude>
    <ClInclude Include="Nuklear\nuklear_d3d11.h">
      <Filter>Header Files\Nuklear</Filter>
    </ClInclude>
    <ClInclude Include="Camera.h">
      <Filter>Header Files\Engine</Filter>
    </ClInclude>
    <ClInclude Include="Offsets.h">
      <Filter>Header Files\Engine</Filter>
    </ClInclude>
    <ClInclude Include="Vectors.h">
      <Filter>Header Files\Engine</Filter>
    </ClInclude>
    <ClInclude Include="Memory.h">
      <Filter>Header Files\Engine</Filter>
    </ClInclude>
    <ClInclude Include="Globals.h">
      <Filter>Header Files\Engine</Filter>
    </ClInclude>
    <ClInclude Include="FindPattern.h">
      <Filter>Header Files\Engine</Filter>
    </ClInclude>
    <ClInclude Include="Array.h">
      <Filter>Header Files\Engine</Filter>
    </ClInclude>
    <ClInclude Include="D3D11Renderer.h">
      <Filter>Header Files\Renderer</Filter>
    </ClInclude>
    <ClInclude Include="D3D11Shader.h">
      <Filter>Header Files\Renderer</Filter>
    </ClInclude>
    <ClInclude Include="D3D11StateSaver.h">
      <Filter>Header Files\Renderer</Filter>
    </ClInclude>
    <ClInclude Include="Helper.h">
      <Filter>Header Files\Renderer</Filter>
    </ClInclude>
    <ClInclude Include="XorStr.h">
      <Filter>Header Files\Engine</Filter>
    </ClInclude>
  </ItemGroup>
  <ItemGroup>
    <ClCompile Include="stdafx.cpp">
      <Filter>Source Files</Filter>
    </ClCompile>
    <ClCompile Include="dllmain.cpp">
      <Filter>Source Files</Filter>
    </ClCompile>
    <ClCompile Include="d3d11hook.cpp">
      <Filter>Source Files</Filter>
    </ClCompile>
    <ClCompile Include="FW1FontWrapper\CFW1GlyphRenderStates.cpp">
      <Filter>Source Files\FW1FontWrapper</Filter>
    </ClCompile>
    <ClCompile Include="FW1FontWrapper\CFW1GlyphRenderStatesInterface.cpp">
      <Filter>Source Files\FW1FontWrapper</Filter>
    </ClCompile>
    <ClCompile Include="FW1FontWrapper\CFW1GlyphSheet.cpp">
      <Filter>Source Files\FW1FontWrapper</Filter>
    </ClCompile>
    <ClCompile Include="FW1FontWrapper\CFW1GlyphSheetInterface.cpp">
      <Filter>Source Files\FW1FontWrapper</Filter>
    </ClCompile>
    <ClCompile Include="FW1FontWrapper\CFW1GlyphVertexDrawer.cpp">
      <Filter>Source Files\FW1FontWrapper</Filter>
    </ClCompile>
    <ClCompile Include="FW1FontWrapper\CFW1GlyphVertexDrawerInterface.cpp">
      <Filter>Source Files\FW1FontWrapper</Filter>
    </ClCompile>
    <ClCompile Include="FW1FontWrapper\CFW1StateSaver.cpp">
      <Filter>Source Files\FW1FontWrapper</Filter>
    </ClCompile>
    <ClCompile Include="FW1FontWrapper\CFW1TextGeometry.cpp">
      <Filter>Source Files\FW1FontWrapper</Filter>
    </ClCompile>
    <ClCompile Include="FW1FontWrapper\CFW1TextGeometryInterface.cpp">
      <Filter>Source Files\FW1FontWrapper</Filter>
    </ClCompile>
    <ClCompile Include="FW1FontWrapper\CFW1TextRenderer.cpp">
      <Filter>Source Files\FW1FontWrapper</Filter>
    </ClCompile>
    <ClCompile Include="FW1FontWrapper\CFW1TextRendererInterface.cpp">
      <Filter>Source Files\FW1FontWrapper</Filter>
    </ClCompile>
    <ClCompile Include="FW1FontWrapper\FW1FontWrapper.cpp">
      <Filter>Source Files\FW1FontWrapper</Filter>
    </ClCompile>
    <ClCompile Include="FW1FontWrapper\FW1Precompiled.cpp">
      <Filter>Source Files\FW1FontWrapper</Filter>
    </ClCompile>
    <ClCompile Include="FW1FontWrapper\CFW1ColorRGBA.cpp">
      <Filter>Source Files\FW1FontWrapper</Filter>
    </ClCompile>
    <ClCompile Include="FW1FontWrapper\CFW1ColorRGBAInterface.cpp">
      <Filter>Source Files\FW1FontWrapper</Filter>
    </ClCompile>
    <ClCompile Include="FW1FontWrapper\CFW1DWriteRenderTarget.cpp">
      <Filter>Source Files\FW1FontWrapper</Filter>
    </ClCompile>
    <ClCompile Include="FW1FontWrapper\CFW1DWriteRenderTargetInterface.cpp">
      <Filter>Source Files\FW1FontWrapper</Filter>
    </ClCompile>
    <ClCompile Include="FW1FontWrapper\CFW1Factory.cpp">
      <Filter>Source Files\FW1FontWrapper</Filter>
    </ClCompile>
    <ClCompile Include="FW1FontWrapper\CFW1FactoryInterface.cpp">
      <Filter>Source Files\FW1FontWrapper</Filter>
    </ClCompile>
    <ClCompile Include="FW1FontWrapper\CFW1FontWrapper.cpp">
      <Filter>Source Files\FW1FontWrapper</Filter>
    </ClCompile>
    <ClCompile Include="FW1FontWrapper\CFW1FontWrapperInterface.cpp">
      <Filter>Source Files\FW1FontWrapper</Filter>
    </ClCompile>
    <ClCompile Include="FW1FontWrapper\CFW1GlyphAtlas.cpp">
      <Filter>Source Files\FW1FontWrapper</Filter>
    </ClCompile>
    <ClCompile Include="FW1FontWrapper\CFW1GlyphAtlasInterface.cpp">
      <Filter>Source Files\FW1FontWrapper</Filter>
    </ClCompile>
    <ClCompile Include="FW1FontWrapper\CFW1GlyphProvider.cpp">
      <Filter>Source Files\FW1FontWrapper</Filter>
    </ClCompile>
    <ClCompile Include="FW1FontWrapper\CFW1GlyphProviderInterface.cpp">
      <Filter>Source Files\FW1FontWrapper</Filter>
    </ClCompile>
    <ClCompile Include="MinHook\src\buffer.c">
      <Filter>Source Files\MinHook</Filter>
    </ClCompile>
    <ClCompile Include="MinHook\src\hook.c">
      <Filter>Source Files\MinHook</Filter>
    </ClCompile>
    <ClCompile Include="MinHook\src\trampoline.c">
      <Filter>Source Files\MinHook</Filter>
    </ClCompile>
    <ClCompile Include="MinHook\src\hde\hde32.c">
      <Filter>Source Files\MinHook\hde</Filter>
    </ClCompile>
    <ClCompile Include="MinHook\src\hde\hde64.c">
      <Filter>Source Files\MinHook\hde</Filter>
    </ClCompile>
    <ClCompile Include="Nuklear\nuklear_d3d11.cpp">
      <Filter>Source Files\Nuklear</Filter>
    </ClCompile>
    <ClCompile Include="Camera.cpp">
      <Filter>Source Files\Engine</Filter>
    </ClCompile>
    <ClCompile Include="D3D11StateSaver.cpp">
      <Filter>Source Files\Renderer</Filter>
    </ClCompile>
    <ClCompile Include="D3D11Renderer.cpp">
      <Filter>Source Files\Renderer</Filter>
    </ClCompile>
    <ClCompile Include="Vectors.cpp">
      <Filter>Source Files\Engine</Filter>
    </ClCompile>
  </ItemGroup>
  <ItemGroup>
    <None Include="MinHook\dll_resources\MinHook.def">
      <Filter>Resource Files</Filter>
    </None>
  </ItemGroup>
  <ItemGroup>
    <ResourceCompile Include="MinHook\dll_resources\MinHook.rc">
      <Filter>Resource Files</Filter>
    </ResourceCompile>
  </ItemGroup>
  <ItemGroup>
    <FxCompile Include="Nuklear\nuklear_d3d11.hlsl">
      <Filter>Header Files\Nuklear</Filter>
    </FxCompile>
  </ItemGroup>
</Project>